// !$*UTF8*$!
{
	archiveVersion = 1;
	classes = {
	};
	objectVersion = 50;
	objects = {

/* Begin PBXBuildFile section */
		9D46D33B21C4CBF100D24671 /* AppDelegate.swift in Sources */ = {isa = PBXBuildFile; fileRef = 9D46D33A21C4CBF100D24671 /* AppDelegate.swift */; };
		9D46D33D21C4CBF100D24671 /* ViewController.swift in Sources */ = {isa = PBXBuildFile; fileRef = 9D46D33C21C4CBF100D24671 /* ViewController.swift */; };
		9D46D34021C4CBF100D24671 /* Main.storyboard in Resources */ = {isa = PBXBuildFile; fileRef = 9D46D33E21C4CBF100D24671 /* Main.storyboard */; };
		9D46D34321C4CBF100D24671 /* PCCC.xcdatamodeld in Sources */ = {isa = PBXBuildFile; fileRef = 9D46D34121C4CBF100D24671 /* PCCC.xcdatamodeld */; };
		9D46D34521C4CBF200D24671 /* Assets.xcassets in Resources */ = {isa = PBXBuildFile; fileRef = 9D46D34421C4CBF200D24671 /* Assets.xcassets */; };
		9D46D34821C4CBF200D24671 /* LaunchScreen.storyboard in Resources */ = {isa = PBXBuildFile; fileRef = 9D46D34621C4CBF200D24671 /* LaunchScreen.storyboard */; };
		9D46D35321C4CBF200D24671 /* PCCCTests.swift in Sources */ = {isa = PBXBuildFile; fileRef = 9D46D35221C4CBF200D24671 /* PCCCTests.swift */; };
		9D46D35E21C4CBF200D24671 /* PCCCUITests.swift in Sources */ = {isa = PBXBuildFile; fileRef = 9D46D35D21C4CBF200D24671 /* PCCCUITests.swift */; };
		9D46D36F21C4D09000D24671 /* GatewayCollectionViewCell.swift in Sources */ = {isa = PBXBuildFile; fileRef = 9D46D36D21C4D09000D24671 /* GatewayCollectionViewCell.swift */; };
		9D46D37021C4D09000D24671 /* GatewayCollectionViewCell.xib in Resources */ = {isa = PBXBuildFile; fileRef = 9D46D36E21C4D09000D24671 /* GatewayCollectionViewCell.xib */; };
		9D46D37321C4D7A400D24671 /* Device.swift in Sources */ = {isa = PBXBuildFile; fileRef = 9D46D37221C4D7A400D24671 /* Device.swift */; };
		9D46D37921C4E2BF00D24671 /* DetailDeviceViewController.swift in Sources */ = {isa = PBXBuildFile; fileRef = 9D46D37721C4E2BF00D24671 /* DetailDeviceViewController.swift */; };
		9D46D37A21C4E2BF00D24671 /* DetailDeviceViewController.xib in Resources */ = {isa = PBXBuildFile; fileRef = 9D46D37821C4E2BF00D24671 /* DetailDeviceViewController.xib */; };
		9D46D37C21C4F5B900D24671 /* extenstion.swift in Sources */ = {isa = PBXBuildFile; fileRef = 9D46D37B21C4F5B900D24671 /* extenstion.swift */; };
/* End PBXBuildFile section */

/* Begin PBXContainerItemProxy section */
		9D46D34F21C4CBF200D24671 /* PBXContainerItemProxy */ = {
			isa = PBXContainerItemProxy;
			containerPortal = 9D46D32F21C4CBF100D24671 /* Project object */;
			proxyType = 1;
			remoteGlobalIDString = 9D46D33621C4CBF100D24671;
			remoteInfo = PCCC;
		};
		9D46D35A21C4CBF200D24671 /* PBXContainerItemProxy */ = {
			isa = PBXContainerItemProxy;
			containerPortal = 9D46D32F21C4CBF100D24671 /* Project object */;
			proxyType = 1;
			remoteGlobalIDString = 9D46D33621C4CBF100D24671;
			remoteInfo = PCCC;
		};
/* End PBXContainerItemProxy section */

/* Begin PBXFileReference section */
		9D46D33721C4CBF100D24671 /* PCCC.app */ = {isa = PBXFileReference; explicitFileType = wrapper.application; includeInIndex = 0; path = PCCC.app; sourceTree = BUILT_PRODUCTS_DIR; };
		9D46D33A21C4CBF100D24671 /* AppDelegate.swift */ = {isa = PBXFileReference; lastKnownFileType = sourcecode.swift; path = AppDelegate.swift; sourceTree = "<group>"; };
		9D46D33C21C4CBF100D24671 /* ViewController.swift */ = {isa = PBXFileReference; lastKnownFileType = sourcecode.swift; path = ViewController.swift; sourceTree = "<group>"; };
		9D46D33F21C4CBF100D24671 /* Base */ = {isa = PBXFileReference; lastKnownFileType = file.storyboard; name = Base; path = Base.lproj/Main.storyboard; sourceTree = "<group>"; };
		9D46D34221C4CBF100D24671 /* PCCC.xcdatamodel */ = {isa = PBXFileReference; lastKnownFileType = wrapper.xcdatamodel; path = PCCC.xcdatamodel; sourceTree = "<group>"; };
		9D46D34421C4CBF200D24671 /* Assets.xcassets */ = {isa = PBXFileReference; lastKnownFileType = folder.assetcatalog; path = Assets.xcassets; sourceTree = "<group>"; };
		9D46D34721C4CBF200D24671 /* Base */ = {isa = PBXFileReference; lastKnownFileType = file.storyboard; name = Base; path = Base.lproj/LaunchScreen.storyboard; sourceTree = "<group>"; };
		9D46D34921C4CBF200D24671 /* Info.plist */ = {isa = PBXFileReference; lastKnownFileType = text.plist.xml; path = Info.plist; sourceTree = "<group>"; };
		9D46D34E21C4CBF200D24671 /* PCCCTests.xctest */ = {isa = PBXFileReference; explicitFileType = wrapper.cfbundle; includeInIndex = 0; path = PCCCTests.xctest; sourceTree = BUILT_PRODUCTS_DIR; };
		9D46D35221C4CBF200D24671 /* PCCCTests.swift */ = {isa = PBXFileReference; lastKnownFileType = sourcecode.swift; path = PCCCTests.swift; sourceTree = "<group>"; };
		9D46D35421C4CBF200D24671 /* Info.plist */ = {isa = PBXFileReference; lastKnownFileType = text.plist.xml; path = Info.plist; sourceTree = "<group>"; };
		9D46D35921C4CBF200D24671 /* PCCCUITests.xctest */ = {isa = PBXFileReference; explicitFileType = wrapper.cfbundle; includeInIndex = 0; path = PCCCUITests.xctest; sourceTree = BUILT_PRODUCTS_DIR; };
		9D46D35D21C4CBF200D24671 /* PCCCUITests.swift */ = {isa = PBXFileReference; lastKnownFileType = sourcecode.swift; path = PCCCUITests.swift; sourceTree = "<group>"; };
		9D46D35F21C4CBF200D24671 /* Info.plist */ = {isa = PBXFileReference; lastKnownFileType = text.plist.xml; path = Info.plist; sourceTree = "<group>"; };
		9D46D36D21C4D09000D24671 /* GatewayCollectionViewCell.swift */ = {isa = PBXFileReference; lastKnownFileType = sourcecode.swift; path = GatewayCollectionViewCell.swift; sourceTree = "<group>"; };
		9D46D36E21C4D09000D24671 /* GatewayCollectionViewCell.xib */ = {isa = PBXFileReference; lastKnownFileType = file.xib; path = GatewayCollectionViewCell.xib; sourceTree = "<group>"; };
		9D46D37221C4D7A400D24671 /* Device.swift */ = {isa = PBXFileReference; lastKnownFileType = sourcecode.swift; path = Device.swift; sourceTree = "<group>"; };
		9D46D37721C4E2BF00D24671 /* DetailDeviceViewController.swift */ = {isa = PBXFileReference; lastKnownFileType = sourcecode.swift; path = DetailDeviceViewController.swift; sourceTree = "<group>"; };
		9D46D37821C4E2BF00D24671 /* DetailDeviceViewController.xib */ = {isa = PBXFileReference; lastKnownFileType = file.xib; path = DetailDeviceViewController.xib; sourceTree = "<group>"; };
		9D46D37B21C4F5B900D24671 /* extenstion.swift */ = {isa = PBXFileReference; lastKnownFileType = sourcecode.swift; path = extenstion.swift; sourceTree = "<group>"; };
/* End PBXFileReference section */

/* Begin PBXFrameworksBuildPhase section */
		9D46D33421C4CBF100D24671 /* Frameworks */ = {
			isa = PBXFrameworksBuildPhase;
			buildActionMask = 2147483647;
			files = (
			);
			runOnlyForDeploymentPostprocessing = 0;
		};
		9D46D34B21C4CBF200D24671 /* Frameworks */ = {
			isa = PBXFrameworksBuildPhase;
			buildActionMask = 2147483647;
			files = (
			);
			runOnlyForDeploymentPostprocessing = 0;
		};
		9D46D35621C4CBF200D24671 /* Frameworks */ = {
			isa = PBXFrameworksBuildPhase;
			buildActionMask = 2147483647;
			files = (
			);
			runOnlyForDeploymentPostprocessing = 0;
		};
/* End PBXFrameworksBuildPhase section */

/* Begin PBXGroup section */
		9D46D32E21C4CBF100D24671 = {
			isa = PBXGroup;
			children = (
				9D46D33921C4CBF100D24671 /* PCCC */,
				9D46D35121C4CBF200D24671 /* PCCCTests */,
				9D46D35C21C4CBF200D24671 /* PCCCUITests */,
				9D46D33821C4CBF100D24671 /* Products */,
			);
			sourceTree = "<group>";
		};
		9D46D33821C4CBF100D24671 /* Products */ = {
			isa = PBXGroup;
			children = (
				9D46D33721C4CBF100D24671 /* PCCC.app */,
				9D46D34E21C4CBF200D24671 /* PCCCTests.xctest */,
				9D46D35921C4CBF200D24671 /* PCCCUITests.xctest */,
			);
			name = Products;
			sourceTree = "<group>";
		};
		9D46D33921C4CBF100D24671 /* PCCC */ = {
			isa = PBXGroup;
			children = (
				9D46D37121C4D78100D24671 /* Models */,
				9D46D37621C4E29600D24671 /* DetailDeviceScreen */,
				9D46D36B21C4D04400D24671 /* DisplayAllScreen */,
				9D46D33A21C4CBF100D24671 /* AppDelegate.swift */,
				9D46D33C21C4CBF100D24671 /* ViewController.swift */,
				9D46D33E21C4CBF100D24671 /* Main.storyboard */,
				9D46D34421C4CBF200D24671 /* Assets.xcassets */,
				9D46D34621C4CBF200D24671 /* LaunchScreen.storyboard */,
				9D46D34921C4CBF200D24671 /* Info.plist */,
				9D46D34121C4CBF100D24671 /* PCCC.xcdatamodeld */,
				9D46D37B21C4F5B900D24671 /* extenstion.swift */,
			);
			path = PCCC;
			sourceTree = "<group>";
		};
		9D46D35121C4CBF200D24671 /* PCCCTests */ = {
			isa = PBXGroup;
			children = (
				9D46D35221C4CBF200D24671 /* PCCCTests.swift */,
				9D46D35421C4CBF200D24671 /* Info.plist */,
			);
			path = PCCCTests;
			sourceTree = "<group>";
		};
		9D46D35C21C4CBF200D24671 /* PCCCUITests */ = {
			isa = PBXGroup;
			children = (
				9D46D35D21C4CBF200D24671 /* PCCCUITests.swift */,
				9D46D35F21C4CBF200D24671 /* Info.plist */,
			);
			path = PCCCUITests;
			sourceTree = "<group>";
		};
		9D46D36B21C4D04400D24671 /* DisplayAllScreen */ = {
			isa = PBXGroup;
			children = (
				9D46D36C21C4D05900D24671 /* Cells */,
			);
			path = DisplayAllScreen;
			sourceTree = "<group>";
		};
		9D46D36C21C4D05900D24671 /* Cells */ = {
			isa = PBXGroup;
			children = (
				9D46D36D21C4D09000D24671 /* GatewayCollectionViewCell.swift */,
				9D46D36E21C4D09000D24671 /* GatewayCollectionViewCell.xib */,
			);
			path = Cells;
			sourceTree = "<group>";
		};
		9D46D37121C4D78100D24671 /* Models */ = {
			isa = PBXGroup;
			children = (
				9D46D37221C4D7A400D24671 /* Device.swift */,
			);
			path = Models;
			sourceTree = "<group>";
		};
		9D46D37621C4E29600D24671 /* DetailDeviceScreen */ = {
			isa = PBXGroup;
			children = (
				9D46D37721C4E2BF00D24671 /* DetailDeviceViewController.swift */,
				9D46D37821C4E2BF00D24671 /* DetailDeviceViewController.xib */,
			);
			path = DetailDeviceScreen;
			sourceTree = "<group>";
		};
/* End PBXGroup section */

/* Begin PBXNativeTarget section */
		9D46D33621C4CBF100D24671 /* PCCC */ = {
			isa = PBXNativeTarget;
			buildConfigurationList = 9D46D36221C4CBF200D24671 /* Build configuration list for PBXNativeTarget "PCCC" */;
			buildPhases = (
				9D46D33321C4CBF100D24671 /* Sources */,
				9D46D33421C4CBF100D24671 /* Frameworks */,
				9D46D33521C4CBF100D24671 /* Resources */,
			);
			buildRules = (
			);
			dependencies = (
			);
			name = PCCC;
			productName = PCCC;
			productReference = 9D46D33721C4CBF100D24671 /* PCCC.app */;
			productType = "com.apple.product-type.application";
		};
		9D46D34D21C4CBF200D24671 /* PCCCTests */ = {
			isa = PBXNativeTarget;
			buildConfigurationList = 9D46D36521C4CBF200D24671 /* Build configuration list for PBXNativeTarget "PCCCTests" */;
			buildPhases = (
				9D46D34A21C4CBF200D24671 /* Sources */,
				9D46D34B21C4CBF200D24671 /* Frameworks */,
				9D46D34C21C4CBF200D24671 /* Resources */,
			);
			buildRules = (
			);
			dependencies = (
				9D46D35021C4CBF200D24671 /* PBXTargetDependency */,
			);
			name = PCCCTests;
			productName = PCCCTests;
			productReference = 9D46D34E21C4CBF200D24671 /* PCCCTests.xctest */;
			productType = "com.apple.product-type.bundle.unit-test";
		};
		9D46D35821C4CBF200D24671 /* PCCCUITests */ = {
			isa = PBXNativeTarget;
			buildConfigurationList = 9D46D36821C4CBF200D24671 /* Build configuration list for PBXNativeTarget "PCCCUITests" */;
			buildPhases = (
				9D46D35521C4CBF200D24671 /* Sources */,
				9D46D35621C4CBF200D24671 /* Frameworks */,
				9D46D35721C4CBF200D24671 /* Resources */,
			);
			buildRules = (
			);
			dependencies = (
				9D46D35B21C4CBF200D24671 /* PBXTargetDependency */,
			);
			name = PCCCUITests;
			productName = PCCCUITests;
			productReference = 9D46D35921C4CBF200D24671 /* PCCCUITests.xctest */;
			productType = "com.apple.product-type.bundle.ui-testing";
		};
/* End PBXNativeTarget section */

/* Begin PBXProject section */
		9D46D32F21C4CBF100D24671 /* Project object */ = {
			isa = PBXProject;
			attributes = {
				LastSwiftUpdateCheck = 1010;
				LastUpgradeCheck = 1010;
				ORGANIZATIONNAME = "Quang Thai";
				TargetAttributes = {
					9D46D33621C4CBF100D24671 = {
						CreatedOnToolsVersion = 10.1;
					};
					9D46D34D21C4CBF200D24671 = {
						CreatedOnToolsVersion = 10.1;
						TestTargetID = 9D46D33621C4CBF100D24671;
					};
					9D46D35821C4CBF200D24671 = {
						CreatedOnToolsVersion = 10.1;
						TestTargetID = 9D46D33621C4CBF100D24671;
					};
				};
			};
			buildConfigurationList = 9D46D33221C4CBF100D24671 /* Build configuration list for PBXProject "PCCC" */;
			compatibilityVersion = "Xcode 9.3";
			developmentRegion = en;
			hasScannedForEncodings = 0;
			knownRegions = (
				en,
				Base,
			);
			mainGroup = 9D46D32E21C4CBF100D24671;
			productRefGroup = 9D46D33821C4CBF100D24671 /* Products */;
			projectDirPath = "";
			projectRoot = "";
			targets = (
				9D46D33621C4CBF100D24671 /* PCCC */,
				9D46D34D21C4CBF200D24671 /* PCCCTests */,
				9D46D35821C4CBF200D24671 /* PCCCUITests */,
			);
		};
/* End PBXProject section */

/* Begin PBXResourcesBuildPhase section */
		9D46D33521C4CBF100D24671 /* Resources */ = {
			isa = PBXResourcesBuildPhase;
			buildActionMask = 2147483647;
			files = (
				9D46D34821C4CBF200D24671 /* LaunchScreen.storyboard in Resources */,
				9D46D34521C4CBF200D24671 /* Assets.xcassets in Resources */,
				9D46D37A21C4E2BF00D24671 /* DetailDeviceViewController.xib in Resources */,
				9D46D34021C4CBF100D24671 /* Main.storyboard in Resources */,
				9D46D37021C4D09000D24671 /* GatewayCollectionViewCell.xib in Resources */,
			);
			runOnlyForDeploymentPostprocessing = 0;
		};
		9D46D34C21C4CBF200D24671 /* Resources */ = {
			isa = PBXResourcesBuildPhase;
			buildActionMask = 2147483647;
			files = (
			);
			runOnlyForDeploymentPostprocessing = 0;
		};
		9D46D35721C4CBF200D24671 /* Resources */ = {
			isa = PBXResourcesBuildPhase;
			buildActionMask = 2147483647;
			files = (
			);
			runOnlyForDeploymentPostprocessing = 0;
		};
/* End PBXResourcesBuildPhase section */

/* Begin PBXSourcesBuildPhase section */
		9D46D33321C4CBF100D24671 /* Sources */ = {
			isa = PBXSourcesBuildPhase;
			buildActionMask = 2147483647;
			files = (
				9D46D37921C4E2BF00D24671 /* DetailDeviceViewController.swift in Sources */,
				9D46D34321C4CBF100D24671 /* PCCC.xcdatamodeld in Sources */,
				9D46D37C21C4F5B900D24671 /* extenstion.swift in Sources */,
				9D46D33D21C4CBF100D24671 /* ViewController.swift in Sources */,
				9D46D33B21C4CBF100D24671 /* AppDelegate.swift in Sources */,
				9D46D36F21C4D09000D24671 /* GatewayCollectionViewCell.swift in Sources */,
				9D46D37321C4D7A400D24671 /* Device.swift in Sources */,
			);
			runOnlyForDeploymentPostprocessing = 0;
		};
		9D46D34A21C4CBF200D24671 /* Sources */ = {
			isa = PBXSourcesBuildPhase;
			buildActionMask = 2147483647;
			files = (
				9D46D35321C4CBF200D24671 /* PCCCTests.swift in Sources */,
			);
			runOnlyForDeploymentPostprocessing = 0;
		};
		9D46D35521C4CBF200D24671 /* Sources */ = {
			isa = PBXSourcesBuildPhase;
			buildActionMask = 2147483647;
			files = (
				9D46D35E21C4CBF200D24671 /* PCCCUITests.swift in Sources */,
			);
			runOnlyForDeploymentPostprocessing = 0;
		};
/* End PBXSourcesBuildPhase section */

/* Begin PBXTargetDependency section */
		9D46D35021C4CBF200D24671 /* PBXTargetDependency */ = {
			isa = PBXTargetDependency;
			target = 9D46D33621C4CBF100D24671 /* PCCC */;
			targetProxy = 9D46D34F21C4CBF200D24671 /* PBXContainerItemProxy */;
		};
		9D46D35B21C4CBF200D24671 /* PBXTargetDependency */ = {
			isa = PBXTargetDependency;
			target = 9D46D33621C4CBF100D24671 /* PCCC */;
			targetProxy = 9D46D35A21C4CBF200D24671 /* PBXContainerItemProxy */;
		};
/* End PBXTargetDependency section */

/* Begin PBXVariantGroup section */
		9D46D33E21C4CBF100D24671 /* Main.storyboard */ = {
			isa = PBXVariantGroup;
			children = (
				9D46D33F21C4CBF100D24671 /* Base */,
			);
			name = Main.storyboard;
			sourceTree = "<group>";
		};
		9D46D34621C4CBF200D24671 /* LaunchScreen.storyboard */ = {
			isa = PBXVariantGroup;
			children = (
				9D46D34721C4CBF200D24671 /* Base */,
			);
			name = LaunchScreen.storyboard;
			sourceTree = "<group>";
		};
/* End PBXVariantGroup section */

/* Begin XCBuildConfiguration section */
		9D46D36021C4CBF200D24671 /* Debug */ = {
			isa = XCBuildConfiguration;
			buildSettings = {
				ALWAYS_SEARCH_USER_PATHS = NO;
				CLANG_ANALYZER_NONNULL = YES;
				CLANG_ANALYZER_NUMBER_OBJECT_CONVERSION = YES_AGGRESSIVE;
				CLANG_CXX_LANGUAGE_STANDARD = "gnu++14";
				CLANG_CXX_LIBRARY = "libc++";
				CLANG_ENABLE_MODULES = YES;
				CLANG_ENABLE_OBJC_ARC = YES;
				CLANG_ENABLE_OBJC_WEAK = YES;
				CLANG_WARN_BLOCK_CAPTURE_AUTORELEASING = YES;
				CLANG_WARN_BOOL_CONVERSION = YES;
				CLANG_WARN_COMMA = YES;
				CLANG_WARN_CONSTANT_CONVERSION = YES;
				CLANG_WARN_DEPRECATED_OBJC_IMPLEMENTATIONS = YES;
				CLANG_WARN_DIRECT_OBJC_ISA_USAGE = YES_ERROR;
				CLANG_WARN_DOCUMENTATION_COMMENTS = YES;
				CLANG_WARN_EMPTY_BODY = YES;
				CLANG_WARN_ENUM_CONVERSION = YES;
				CLANG_WARN_INFINITE_RECURSION = YES;
				CLANG_WARN_INT_CONVERSION = YES;
				CLANG_WARN_NON_LITERAL_NULL_CONVERSION = YES;
				CLANG_WARN_OBJC_IMPLICIT_RETAIN_SELF = YES;
				CLANG_WARN_OBJC_LITERAL_CONVERSION = YES;
				CLANG_WARN_OBJC_ROOT_CLASS = YES_ERROR;
				CLANG_WARN_RANGE_LOOP_ANALYSIS = YES;
				CLANG_WARN_STRICT_PROTOTYPES = YES;
				CLANG_WARN_SUSPICIOUS_MOVE = YES;
				CLANG_WARN_UNGUARDED_AVAILABILITY = YES_AGGRESSIVE;
				CLANG_WARN_UNREACHABLE_CODE = YES;
				CLANG_WARN__DUPLICATE_METHOD_MATCH = YES;
				CODE_SIGN_IDENTITY = "iPhone Developer";
				COPY_PHASE_STRIP = NO;
				DEBUG_INFORMATION_FORMAT = dwarf;
				ENABLE_STRICT_OBJC_MSGSEND = YES;
				ENABLE_TESTABILITY = YES;
				GCC_C_LANGUAGE_STANDARD = gnu11;
				GCC_DYNAMIC_NO_PIC = NO;
				GCC_NO_COMMON_BLOCKS = YES;
				GCC_OPTIMIZATION_LEVEL = 0;
				GCC_PREPROCESSOR_DEFINITIONS = (
					"DEBUG=1",
					"$(inherited)",
				);
				GCC_WARN_64_TO_32_BIT_CONVERSION = YES;
				GCC_WARN_ABOUT_RETURN_TYPE = YES_ERROR;
				GCC_WARN_UNDECLARED_SELECTOR = YES;
				GCC_WARN_UNINITIALIZED_AUTOS = YES_AGGRESSIVE;
				GCC_WARN_UNUSED_FUNCTION = YES;
				GCC_WARN_UNUSED_VARIABLE = YES;
				IPHONEOS_DEPLOYMENT_TARGET = 12.1;
				MTL_ENABLE_DEBUG_INFO = INCLUDE_SOURCE;
				MTL_FAST_MATH = YES;
				ONLY_ACTIVE_ARCH = YES;
				SDKROOT = iphoneos;
				SWIFT_ACTIVE_COMPILATION_CONDITIONS = DEBUG;
				SWIFT_OPTIMIZATION_LEVEL = "-Onone";
			};
			name = Debug;
		};
		9D46D36121C4CBF200D24671 /* Release */ = {
			isa = XCBuildConfiguration;
			buildSettings = {
				ALWAYS_SEARCH_USER_PATHS = NO;
				CLANG_ANALYZER_NONNULL = YES;
				CLANG_ANALYZER_NUMBER_OBJECT_CONVERSION = YES_AGGRESSIVE;
				CLANG_CXX_LANGUAGE_STANDARD = "gnu++14";
				CLANG_CXX_LIBRARY = "libc++";
				CLANG_ENABLE_MODULES = YES;
				CLANG_ENABLE_OBJC_ARC = YES;
				CLANG_ENABLE_OBJC_WEAK = YES;
				CLANG_WARN_BLOCK_CAPTURE_AUTORELEASING = YES;
				CLANG_WARN_BOOL_CONVERSION = YES;
				CLANG_WARN_COMMA = YES;
				CLANG_WARN_CONSTANT_CONVERSION = YES;
				CLANG_WARN_DEPRECATED_OBJC_IMPLEMENTATIONS = YES;
				CLANG_WARN_DIRECT_OBJC_ISA_USAGE = YES_ERROR;
				CLANG_WARN_DOCUMENTATION_COMMENTS = YES;
				CLANG_WARN_EMPTY_BODY = YES;
				CLANG_WARN_ENUM_CONVERSION = YES;
				CLANG_WARN_INFINITE_RECURSION = YES;
				CLANG_WARN_INT_CONVERSION = YES;
				CLANG_WARN_NON_LITERAL_NULL_CONVERSION = YES;
				CLANG_WARN_OBJC_IMPLICIT_RETAIN_SELF = YES;
				CLANG_WARN_OBJC_LITERAL_CONVERSION = YES;
				CLANG_WARN_OBJC_ROOT_CLASS = YES_ERROR;
				CLANG_WARN_RANGE_LOOP_ANALYSIS = YES;
				CLANG_WARN_STRICT_PROTOTYPES = YES;
				CLANG_WARN_SUSPICIOUS_MOVE = YES;
				CLANG_WARN_UNGUARDED_AVAILABILITY = YES_AGGRESSIVE;
				CLANG_WARN_UNREACHABLE_CODE = YES;
				CLANG_WARN__DUPLICATE_METHOD_MATCH = YES;
				CODE_SIGN_IDENTITY = "iPhone Developer";
				COPY_PHASE_STRIP = NO;
				DEBUG_INFORMATION_FORMAT = "dwarf-with-dsym";
				ENABLE_NS_ASSERTIONS = NO;
				ENABLE_STRICT_OBJC_MSGSEND = YES;
				GCC_C_LANGUAGE_STANDARD = gnu11;
				GCC_NO_COMMON_BLOCKS = YES;
				GCC_WARN_64_TO_32_BIT_CONVERSION = YES;
				GCC_WARN_ABOUT_RETURN_TYPE = YES_ERROR;
				GCC_WARN_UNDECLARED_SELECTOR = YES;
				GCC_WARN_UNINITIALIZED_AUTOS = YES_AGGRESSIVE;
				GCC_WARN_UNUSED_FUNCTION = YES;
				GCC_WARN_UNUSED_VARIABLE = YES;
				IPHONEOS_DEPLOYMENT_TARGET = 12.1;
				MTL_ENABLE_DEBUG_INFO = NO;
				MTL_FAST_MATH = YES;
				SDKROOT = iphoneos;
				SWIFT_COMPILATION_MODE = wholemodule;
				SWIFT_OPTIMIZATION_LEVEL = "-O";
				VALIDATE_PRODUCT = YES;
			};
			name = Release;
		};
		9D46D36321C4CBF200D24671 /* Debug */ = {
			isa = XCBuildConfiguration;
			buildSettings = {
				ASSETCATALOG_COMPILER_APPICON_NAME = AppIcon;
				CODE_SIGN_STYLE = Automatic;
				DEVELOPMENT_TEAM = RFMP44W223;
				INFOPLIST_FILE = PCCC/Info.plist;
				LD_RUNPATH_SEARCH_PATHS = (
					"$(inherited)",
					"@executable_path/Frameworks",
				);
				PRODUCT_BUNDLE_IDENTIFIER = QATHA.PCCC;
				PRODUCT_NAME = "$(TARGET_NAME)";
				SWIFT_VERSION = 4.2;
				TARGETED_DEVICE_FAMILY = "1,2";
			};
			name = Debug;
		};
		9D46D36421C4CBF200D24671 /* Release */ = {
			isa = XCBuildConfiguration;
			buildSettings = {
				ASSETCATALOG_COMPILER_APPICON_NAME = AppIcon;
				CODE_SIGN_STYLE = Automatic;
				DEVELOPMENT_TEAM = RFMP44W223;
				INFOPLIST_FILE = PCCC/Info.plist;
				LD_RUNPATH_SEARCH_PATHS = (
					"$(inherited)",
					"@executable_path/Frameworks",
				);
				PRODUCT_BUNDLE_IDENTIFIER = QATHA.PCCC;
				PRODUCT_NAME = "$(TARGET_NAME)";
				SWIFT_VERSION = 4.2;
				TARGETED_DEVICE_FAMILY = "1,2";
			};
			name = Release;
		};
		9D46D36621C4CBF200D24671 /* Debug */ = {
			isa = XCBuildConfiguration;
			buildSettings = {
				ALWAYS_EMBED_SWIFT_STANDARD_LIBRARIES = YES;
				BUNDLE_LOADER = "$(TEST_HOST)";
				CODE_SIGN_STYLE = Automatic;
				DEVELOPMENT_TEAM = RFMP44W223;
				INFOPLIST_FILE = PCCCTests/Info.plist;
				LD_RUNPATH_SEARCH_PATHS = (
					"$(inherited)",
					"@executable_path/Frameworks",
					"@loader_path/Frameworks",
				);
				PRODUCT_BUNDLE_IDENTIFIER = QATHA.PCCCTests;
				PRODUCT_NAME = "$(TARGET_NAME)";
				SWIFT_VERSION = 4.2;
				TARGETED_DEVICE_FAMILY = "1,2";
				TEST_HOST = "$(BUILT_PRODUCTS_DIR)/PCCC.app/PCCC";
			};
			name = Debug;
		};
		9D46D36721C4CBF200D24671 /* Release */ = {
			isa = XCBuildConfiguration;
			buildSettings = {
				ALWAYS_EMBED_SWIFT_STANDARD_LIBRARIES = YES;
				BUNDLE_LOADER = "$(TEST_HOST)";
				CODE_SIGN_STYLE = Automatic;
				DEVELOPMENT_TEAM = RFMP44W223;
				INFOPLIST_FILE = PCCCTests/Info.plist;
				LD_RUNPATH_SEARCH_PATHS = (
					"$(inherited)",
					"@executable_path/Frameworks",
					"@loader_path/Frameworks",
				);
				PRODUCT_BUNDLE_IDENTIFIER = QATHA.PCCCTests;
				PRODUCT_NAME = "$(TARGET_NAME)";
				SWIFT_VERSION = 4.2;
				TARGETED_DEVICE_FAMILY = "1,2";
				TEST_HOST = "$(BUILT_PRODUCTS_DIR)/PCCC.app/PCCC";
			};
			name = Release;
		};
		9D46D36921C4CBF200D24671 /* Debug */ = {
			isa = XCBuildConfiguration;
			buildSettings = {
				ALWAYS_EMBED_SWIFT_STANDARD_LIBRARIES = YES;
				CODE_SIGN_STYLE = Automatic;
				DEVELOPMENT_TEAM = RFMP44W223;
				INFOPLIST_FILE = PCCCUITests/Info.plist;
				LD_RUNPATH_SEARCH_PATHS = (
					"$(inherited)",
					"@executable_path/Frameworks",
					"@loader_path/Frameworks",
				);
				PRODUCT_BUNDLE_IDENTIFIER = QATHA.PCCCUITests;
				PRODUCT_NAME = "$(TARGET_NAME)";
				SWIFT_VERSION = 4.2;
				TARGETED_DEVICE_FAMILY = "1,2";
				TEST_TARGET_NAME = PCCC;
			};
			name = Debug;
		};
		9D46D36A21C4CBF200D24671 /* Release */ = {
			isa = XCBuildConfiguration;
			buildSettings = {
				ALWAYS_EMBED_SWIFT_STANDARD_LIBRARIES = YES;
				CODE_SIGN_STYLE = Automatic;
				DEVELOPMENT_TEAM = RFMP44W223;
				INFOPLIST_FILE = PCCCUITests/Info.plist;
				LD_RUNPATH_SEARCH_PATHS = (
					"$(inherited)",
					"@executable_path/Frameworks",
					"@loader_path/Frameworks",
				);
				PRODUCT_BUNDLE_IDENTIFIER = QATHA.PCCCUITests;
				PRODUCT_NAME = "$(TARGET_NAME)";
				SWIFT_VERSION = 4.2;
				TARGETED_DEVICE_FAMILY = "1,2";
				TEST_TARGET_NAME = PCCC;
			};
			name = Release;
		};
/* End XCBuildConfiguration section */

/* Begin XCConfigurationList section */
		9D46D33221C4CBF100D24671 /* Build configuration list for PBXProject "PCCC" */ = {
			isa = XCConfigurationList;
			buildConfigurations = (
				9D46D36021C4CBF200D24671 /* Debug */,
				9D46D36121C4CBF200D24671 /* Release */,
			);
			defaultConfigurationIsVisible = 0;
			defaultConfigurationName = Release;
		};
		9D46D36221C4CBF200D24671 /* Build configuration list for PBXNativeTarget "PCCC" */ = {
			isa = XCConfigurationList;
			buildConfigurations = (
				9D46D36321C4CBF200D24671 /* Debug */,
				9D46D36421C4CBF200D24671 /* Release */,
			);
			defaultConfigurationIsVisible = 0;
			defaultConfigurationName = Release;
		};
		9D46D36521C4CBF200D24671 /* Build configuration list for PBXNativeTarget "PCCCTests" */ = {
			isa = XCConfigurationList;
			buildConfigurations = (
				9D46D36621C4CBF200D24671 /* Debug */,
				9D46D36721C4CBF200D24671 /* Release */,
			);
			defaultConfigurationIsVisible = 0;
			defaultConfigurationName = Release;
		};
		9D46D36821C4CBF200D24671 /* Build configuration list for PBXNativeTarget "PCCCUITests" */ = {
			isa = XCConfigurationList;
			buildConfigurations = (
				9D46D36921C4CBF200D24671 /* Debug */,
				9D46D36A21C4CBF200D24671 /* Release */,
			);
			defaultConfigurationIsVisible = 0;
			defaultConfigurationName = Release;
		};
/* End XCConfigurationList section */

/* Begin XCVersionGroup section */
		9D46D34121C4CBF100D24671 /* PCCC.xcdatamodeld */ = {
			isa = XCVersionGroup;
			children = (
				9D46D34221C4CBF100D24671 /* PCCC.xcdatamodel */,
			);
			currentVersion = 9D46D34221C4CBF100D24671 /* PCCC.xcdatamodel */;
			path = PCCC.xcdatamodeld;
			sourceTree = "<group>";
			versionGroupType = wrapper.xcdatamodel;
		};
/* End XCVersionGroup section */
	};
	rootObject = 9D46D32F21C4CBF100D24671 /* Project object */;
}
